
Microsoft Visual Studio Solution File, Format Version 12.00
# Visual Studio Version 17
VisualStudioVersion = 17.6.33801.468
MinimumVisualStudioVersion = 10.0.40219.1
Project("{8BC9CEB8-8B4A-11D0-8D11-00A0C91BC942}") = "IrvineBookExercise", "IrvineBookExercise\IrvineBookExercise.vcxproj", "{1E170D4A-63AD-4825-A0E4-D0791D8CB5EE}"
EndProject
Global
	GlobalSection(SolutionConfigurationPlatforms) = preSolution
		Debug|x64 = Debug|x64
		Debug|x86 = Debug|x86
		Release|x64 = Release|x64
		Release|x86 = Release|x86
	EndGlobalSection
	GlobalSection(ProjectConfigurationPlatforms) = postSolution
		{1E170D4A-63AD-4825-A0E4-D0791D8CB5EE}.Debug|x64.ActiveCfg = Debug|x64
		{1E170D4A-63AD-4825-A0E4-D0791D8CB5EE}.Debug|x64.Build.0 = Debug|x64
		{1E170D4A-63AD-4825-A0E4-D0791D8CB5EE}.Debug|x86.ActiveCfg = Debug|Win32
		{1E170D4A-63AD-4825-A0E4-D0791D8CB5EE}.Debug|x86.Build.0 = Debug|Win32
		{1E170D4A-63AD-4825-A0E4-D0791D8CB5EE}.Release|x64.ActiveCfg = Release|x64
		{1E170D4A-63AD-4825-A0E4-D0791D8CB5EE}.Release|x64.Build.0 = Release|x64
		{1E170D4A-63AD-4825-A0E4-D0791D8CB5EE}.Release|x86.ActiveCfg = Release|Win32
		{1E170D4A-63AD-4825-A0E4-D0791D8CB5EE}.Release|x86.Build.0 = Release|Win32
	EndGlobalSection
	GlobalSection(SolutionProperties) = preSolution
		HideSolutionNode = FALSE
	EndGlobalSection
	GlobalSection(ExtensibilityGlobals) = postSolution
		SolutionGuid = {5C299D0C-FAE5-40CB-A4C3-1CD0C2D130BA}
	EndGlobalSection
EndGlobal
